
Microsoft Visual Studio Solution File, Format Version 12.00
# Visual Studio 15
Project("{FAE04EC0-301F-11D3-BF4B-00C04F79EFBC}") = "Assembly-CSharp", "Assembly-CSharp.csproj", "{A93FE7B1-6344-084C-3414-A8D652B9C9EF}"
EndProject
Global
	GlobalSection(SolutionConfigurationPlatforms) = preSolution
		Debug|Any CPU = Debug|Any CPU
		Release|Any CPU = Release|Any CPU
	EndGlobalSection
	GlobalSection(ProjectConfigurationPlatforms) = postSolution
		{A93FE7B1-6344-084C-3414-A8D652B9C9EF}.Debug|Any CPU.ActiveCfg = Debug|Any CPU
		{A93FE7B1-6344-084C-3414-A8D652B9C9EF}.Debug|Any CPU.Build.0 = Debug|Any CPU
		{A93FE7B1-6344-084C-3414-A8D652B9C9EF}.Release|Any CPU.ActiveCfg = Release|Any CPU
		{A93FE7B1-6344-084C-3414-A8D652B9C9EF}.Release|Any CPU.Build.0 = Release|Any CPU
	EndGlobalSection
	GlobalSection(SolutionProperties) = preSolution
		HideSolutionNode = FALSE
	EndGlobalSection
EndGlobal
